
Microsoft Visual Studio Solution File, Format Version 12.00
# Visual Studio 14
VisualStudioVersion = 14.0.25123.0
MinimumVisualStudioVersion = 10.0.40219.1
Project("{2150E333-8FDC-42A3-9474-1A3956D46DE8}") = "src", "src", "{2FDF1EFE-56D2-441F-877F-51F12FCCCBD3}"
EndProject
Project("{2150E333-8FDC-42A3-9474-1A3956D46DE8}") = "Solution Items", "Solution Items", "{FA4AC1D3-6851-4A64-9C17-1DD1CEBE0646}"
	ProjectSection(SolutionItems) = preProject
		global.json = global.json
	EndProjectSection
EndProject
Project("{8BB2217D-0F2D-49D1-97BC-3654ED321F3B}") = "The2048Game", "src\The2048Game\The2048Game.xproj", "{0F0A9531-2FDE-4E7C-A2F7-AB59CD226949}"
EndProject
Global
	GlobalSection(SolutionConfigurationPlatforms) = preSolution
		Debug|Any CPU = Debug|Any CPU
		Release|Any CPU = Release|Any CPU
	EndGlobalSection
	GlobalSection(ProjectConfigurationPlatforms) = postSolution
		{0F0A9531-2FDE-4E7C-A2F7-AB59CD226949}.Debug|Any CPU.ActiveCfg = Debug|Any CPU
		{0F0A9531-2FDE-4E7C-A2F7-AB59CD226949}.Debug|Any CPU.Build.0 = Debug|Any CPU
		{0F0A9531-2FDE-4E7C-A2F7-AB59CD226949}.Release|Any CPU.ActiveCfg = Release|Any CPU
		{0F0A9531-2FDE-4E7C-A2F7-AB59CD226949}.Release|Any CPU.Build.0 = Release|Any CPU
	EndGlobalSection
	GlobalSection(SolutionProperties) = preSolution
		HideSolutionNode = FALSE
	EndGlobalSection
	GlobalSection(NestedProjects) = preSolution
		{0F0A9531-2FDE-4E7C-A2F7-AB59CD226949} = {2FDF1EFE-56D2-441F-877F-51F12FCCCBD3}
	EndGlobalSection
EndGlobal
